{
  "name": "All_bot",
  "lockfileVersion": 3,
  "requires": true,
  "packages": {
    "": {
      "dependencies": {
        "vue-waterfall-plugin-next": "^3.0.1"
      }
    },
    "node_modules/vue-waterfall-plugin-next": {
      "version": "3.0.1",
      "resolved": "https://registry.npmjs.org/vue-waterfall-plugin-next/-/vue-waterfall-plugin-next-3.0.1.tgz",
      "integrity": "sha512-ggtP0LkDRKABsTflya9l0YE/D2S6MYG+VBgvkVmCwqLanJy6STYCPFumYCujV9/ansxd81GBgwPe6DUegRDT+w==",
      "license": "UNLICENSED"
    }
  }
}
